
Microsoft Visual Studio Solution File, Format Version 12.00
# Visual Studio Version 17
VisualStudioVersion = 17.0.31919.166
MinimumVisualStudioVersion = 10.0.40219.1
Project("{FAE04EC0-301F-11D3-BF4B-00C04F79EFBC}") = "DvoznamenkastiBrojevi", "DvoznamenkastiBrojevi\DvoznamenkastiBrojevi.csproj", "{51EFC033-CDF7-400D-AE9D-2A9809F15E3C}"
EndProject
Global
	GlobalSection(SolutionConfigurationPlatforms) = preSolution
		Debug|Any CPU = Debug|Any CPU
		Release|Any CPU = Release|Any CPU
	EndGlobalSection
	GlobalSection(ProjectConfigurationPlatforms) = postSolution
		{51EFC033-CDF7-400D-AE9D-2A9809F15E3C}.Debug|Any CPU.ActiveCfg = Debug|Any CPU
		{51EFC033-CDF7-400D-AE9D-2A9809F15E3C}.Debug|Any CPU.Build.0 = Debug|Any CPU
		{51EFC033-CDF7-400D-AE9D-2A9809F15E3C}.Release|Any CPU.ActiveCfg = Release|Any CPU
		{51EFC033-CDF7-400D-AE9D-2A9809F15E3C}.Release|Any CPU.Build.0 = Release|Any CPU
	EndGlobalSection
	GlobalSection(SolutionProperties) = preSolution
		HideSolutionNode = FALSE
	EndGlobalSection
	GlobalSection(ExtensibilityGlobals) = postSolution
		SolutionGuid = {EE74ED2C-EEC0-47FB-B389-940F3632DFAB}
	EndGlobalSection
EndGlobal
